
Microsoft Visual Studio Solution File, Format Version 12.00
# Visual Studio Version 17
VisualStudioVersion = 17.11.35222.181
MinimumVisualStudioVersion = 10.0.40219.1
Project("{FAE04EC0-301F-11D3-BF4B-00C04F79EFBC}") = "valasztas", "valasztas\valasztas.csproj", "{0ADE480F-7B11-47DF-B67A-9A3B0808153F}"
EndProject
Global
	GlobalSection(SolutionConfigurationPlatforms) = preSolution
		Debug|Any CPU = Debug|Any CPU
		Release|Any CPU = Release|Any CPU
	EndGlobalSection
	GlobalSection(ProjectConfigurationPlatforms) = postSolution
		{0ADE480F-7B11-47DF-B67A-9A3B0808153F}.Debug|Any CPU.ActiveCfg = Debug|Any CPU
		{0ADE480F-7B11-47DF-B67A-9A3B0808153F}.Debug|Any CPU.Build.0 = Debug|Any CPU
		{0ADE480F-7B11-47DF-B67A-9A3B0808153F}.Release|Any CPU.ActiveCfg = Release|Any CPU
		{0ADE480F-7B11-47DF-B67A-9A3B0808153F}.Release|Any CPU.Build.0 = Release|Any CPU
	EndGlobalSection
	GlobalSection(SolutionProperties) = preSolution
		HideSolutionNode = FALSE
	EndGlobalSection
	GlobalSection(ExtensibilityGlobals) = postSolution
		SolutionGuid = {D0A8C672-C9F1-4878-8304-5791F256BD1B}
	EndGlobalSection
EndGlobal
